
Microsoft Visual Studio Solution File, Format Version 12.00
# Visual Studio Version 17
VisualStudioVersion = 17.9.34902.65
MinimumVisualStudioVersion = 10.0.40219.1
Project("{FAE04EC0-301F-11D3-BF4B-00C04F79EFBC}") = "CoreKitEngine", "CoreKitEngine\CoreKitEngine.csproj", "{7FC7F537-6641-4D3D-B157-70E5EEA3D3BB}"
EndProject
Project("{FAE04EC0-301F-11D3-BF4B-00C04F79EFBC}") = "Sandbox", "Sandbox\Sandbox.csproj", "{518E523C-1F23-474B-A15C-285682B20EA5}"
EndProject
Project("{FAE04EC0-301F-11D3-BF4B-00C04F79EFBC}") = "WarcraftClone", "WarcraftClone\WarcraftClone.csproj", "{2EE78983-7BFE-4479-8792-EF6579010BB9}"
EndProject
Global
	GlobalSection(SolutionConfigurationPlatforms) = preSolution
		Debug|Any CPU = Debug|Any CPU
		Release|Any CPU = Release|Any CPU
	EndGlobalSection
	GlobalSection(ProjectConfigurationPlatforms) = postSolution
		{7FC7F537-6641-4D3D-B157-70E5EEA3D3BB}.Debug|Any CPU.ActiveCfg = Debug|Any CPU
		{7FC7F537-6641-4D3D-B157-70E5EEA3D3BB}.Debug|Any CPU.Build.0 = Debug|Any CPU
		{7FC7F537-6641-4D3D-B157-70E5EEA3D3BB}.Release|Any CPU.ActiveCfg = Release|Any CPU
		{7FC7F537-6641-4D3D-B157-70E5EEA3D3BB}.Release|Any CPU.Build.0 = Release|Any CPU
		{518E523C-1F23-474B-A15C-285682B20EA5}.Debug|Any CPU.ActiveCfg = Debug|Any CPU
		{518E523C-1F23-474B-A15C-285682B20EA5}.Debug|Any CPU.Build.0 = Debug|Any CPU
		{518E523C-1F23-474B-A15C-285682B20EA5}.Release|Any CPU.ActiveCfg = Release|Any CPU
		{518E523C-1F23-474B-A15C-285682B20EA5}.Release|Any CPU.Build.0 = Release|Any CPU
		{2EE78983-7BFE-4479-8792-EF6579010BB9}.Debug|Any CPU.ActiveCfg = Debug|Any CPU
		{2EE78983-7BFE-4479-8792-EF6579010BB9}.Debug|Any CPU.Build.0 = Debug|Any CPU
		{2EE78983-7BFE-4479-8792-EF6579010BB9}.Release|Any CPU.ActiveCfg = Release|Any CPU
		{2EE78983-7BFE-4479-8792-EF6579010BB9}.Release|Any CPU.Build.0 = Release|Any CPU
	EndGlobalSection
	GlobalSection(SolutionProperties) = preSolution
		HideSolutionNode = FALSE
	EndGlobalSection
	GlobalSection(ExtensibilityGlobals) = postSolution
		SolutionGuid = {7A24BCB0-EF90-4FE0-9069-88AECD93612C}
	EndGlobalSection
EndGlobal
